// !$*UTF8*$!
{
	archiveVersion = 1;
	classes = {
	};
	objectVersion = 77;
	objects = {

/* Begin PBXContainerItemProxy section */
		AD2F78513072D73D00CDF920 /* PBXContainerItemProxy */ = {
			isa = PBXContainerItemProxy;
			containerPortal = AD2F783B3072D73700CDF920 /* Project object */;
			proxyType = 1;
			remoteGlobalIDString = AD2F78423072D73700CDF920;
			remoteInfo = "Can I Wear";
		};
		AD2F785B3072D73D00CDF920 /* PBXContainerItemProxy */ = {
			isa = PBXContainerItemProxy;
			containerPortal = AD2F783B3072D73700CDF920 /* Project object */;
			proxyType = 1;
			remoteGlobalIDString = AD2F78423072D73700CDF920;
			remoteInfo = "Can I Wear";
		};
/* End PBXContainerItemProxy section */

/* Begin PBXFileReference section */
		AD2F78433072D73700CDF920 /* Can I Wear.app */ = {isa = PBXFileReference; explicitFileType = wrapper.application; includeInIndex = 0; path = "Can I Wear.app"; sourceTree = BUILT_PRODUCTS_DIR; };
		AD2F78503072D73D00CDF920 /* Can I WearTests.xctest */ = {isa = PBXFileReference; explicitFileType = wrapper.cfbundle; includeInIndex = 0; path = "Can I WearTests.xctest"; sourceTree = BUILT_PRODUCTS_DIR; };
		AD2F785A3072D73D00CDF920 /* Can I WearUITests.xctest */ = {isa = PBXFileReference; explicitFileType = wrapper.cfbundle; includeInIndex = 0; path = "Can I WearUITests.xctest"; sourceTree = BUILT_PRODUCTS_DIR; };
		AD2F786E3072E3F200CDF920 /* AI_RULES.md */ = {isa = PBXFileReference; lastKnownFileType = net.daringfireball.markdown; path = AI_RULES.md; sourceTree = "<group>"; };
		AD2F786F3072E3F200CDF920 /* DECISIONS.md */ = {isa = PBXFileReference; lastKnownFileType = net.daringfireball.markdown; path = DECISIONS.md; sourceTree = "<group>"; };
		AD2F78703072E3F200CDF920 /* PRODUCT_SPEC.md */ = {isa = PBXFileReference; lastKnownFileType = net.daringfireball.markdown; path = PRODUCT_SPEC.md; sourceTree = "<group>"; };
		AD2F78713072E3F200CDF920 /* PROJECT.md */ = {isa = PBXFileReference; lastKnownFileType = net.daringfireball.markdown; path = PROJECT.md; sourceTree = "<group>"; };
		AD2F78723072E3F200CDF920 /* ROADMAP.md */ = {isa = PBXFileReference; lastKnownFileType = net.daringfireball.markdown; path = ROADMAP.md; sourceTree = "<group>"; };
		AD2F78733072E3F200CDF920 /* TECH_SPEC.md */ = {isa = PBXFileReference; lastKnownFileType = net.daringfireball.markdown; path = TECH_SPEC.md; sourceTree = "<group>"; };
		AD2F78743072E3F200CDF920 /* TODO.md */ = {isa = PBXFileReference; lastKnownFileType = net.daringfireball.markdown; path = TODO.md; sourceTree = "<group>"; };
		AD2F78753072E3F200CDF920 /* UX.md */ = {isa = PBXFileReference; lastKnownFileType = net.daringfireball.markdown; path = UX.md; sourceTree = "<group>"; };
		AD2F78763072E3F200CDF920 /* WEATHER_LOGIC.md */ = {isa = PBXFileReference; lastKnownFileType = net.daringfireball.markdown; path = WEATHER_LOGIC.md; sourceTree = "<group>"; };
/* End PBXFileReference section */

/* Begin PBXFileSystemSynchronizedRootGroup section */
		AD2F78453072D73700CDF920 /* Can I Wear */ = {
			isa = PBXFileSystemSynchronizedRootGroup;
			path = "Can I Wear";
			sourceTree = "<group>";
		};
		AD2F78533072D73D00CDF920 /* Can I WearTests */ = {
			isa = PBXFileSystemSynchronizedRootGroup;
			path = "Can I WearTests";
			sourceTree = "<group>";
		};
		AD2F785D3072D73D00CDF920 /* Can I WearUITests */ = {
			isa = PBXFileSystemSynchronizedRootGroup;
			path = "Can I WearUITests";
			sourceTree = "<group>";
		};
/* End PBXFileSystemSynchronizedRootGroup section */

/* Begin PBXFrameworksBuildPhase section */
		AD2F78403072D73700CDF920 /* Frameworks */ = {
			isa = PBXFrameworksBuildPhase;
			buildActionMask = 2147483647;
			files = (
			);
			runOnlyForDeploymentPostprocessing = 0;
		};
		AD2F784D3072D73D00CDF920 /* Frameworks */ = {
			isa = PBXFrameworksBuildPhase;
			buildActionMask = 2147483647;
			files = (
			);
			runOnlyForDeploymentPostprocessing = 0;
		};
		AD2F78573072D73D00CDF920 /* Frameworks */ = {
			isa = PBXFrameworksBuildPhase;
			buildActionMask = 2147483647;
			files = (
			);
			runOnlyForDeploymentPostprocessing = 0;
		};
/* End PBXFrameworksBuildPhase section */

/* Begin PBXGroup section */
		AD2F783A3072D73700CDF920 = {
			isa = PBXGroup;
			children = (
				AD2F786D3072E39300CDF920 /* docs */,
				AD2F78453072D73700CDF920 /* Can I Wear */,
				AD2F78533072D73D00CDF920 /* Can I WearTests */,
				AD2F785D3072D73D00CDF920 /* Can I WearUITests */,
				AD2F78443072D73700CDF920 /* Products */,
			);
			sourceTree = "<group>";
		};
		AD2F78443072D73700CDF920 /* Products */ = {
			isa = PBXGroup;
			children = (
				AD2F78433072D73700CDF920 /* Can I Wear.app */,
				AD2F78503072D73D00CDF920 /* Can I WearTests.xctest */,
				AD2F785A3072D73D00CDF920 /* Can I WearUITests.xctest */,
			);
			name = Products;
			sourceTree = "<group>";
		};
		AD2F786D3072E39300CDF920 /* docs */ = {
			isa = PBXGroup;
			children = (
				AD2F786E3072E3F200CDF920 /* AI_RULES.md */,
				AD2F786F3072E3F200CDF920 /* DECISIONS.md */,
				AD2F78703072E3F200CDF920 /* PRODUCT_SPEC.md */,
				AD2F78713072E3F200CDF920 /* PROJECT.md */,
				AD2F78723072E3F200CDF920 /* ROADMAP.md */,
				AD2F78733072E3F200CDF920 /* TECH_SPEC.md */,
				AD2F78743072E3F200CDF920 /* TODO.md */,
				AD2F78753072E3F200CDF920 /* UX.md */,
				AD2F78763072E3F200CDF920 /* WEATHER_LOGIC.md */,
			);
			path = docs;
			sourceTree = "<group>";
		};
/* End PBXGroup section */

/* Begin PBXNativeTarget section */
		AD2F78423072D73700CDF920 /* Can I Wear */ = {
			isa = PBXNativeTarget;
			buildConfigurationList = AD2F78643072D73D00CDF920 /* Build configuration list for PBXNativeTarget "Can I Wear" */;
			buildPhases = (
				AD2F783F3072D73700CDF920 /* Sources */,
				AD2F78403072D73700CDF920 /* Frameworks */,
				AD2F78413072D73700CDF920 /* Resources */,
			);
			buildRules = (
			);
			dependencies = (
			);
			fileSystemSynchronizedGroups = (
				AD2F78453072D73700CDF920 /* Can I Wear */,
			);
			name = "Can I Wear";
			packageProductDependencies = (
			);
			productName = "Can I Wear";
			productReference = AD2F78433072D73700CDF920 /* Can I Wear.app */;
			productType = "com.apple.product-type.application";
		};
		AD2F784F3072D73D00CDF920 /* Can I WearTests */ = {
			isa = PBXNativeTarget;
			buildConfigurationList = AD2F78673072D73D00CDF920 /* Build configuration list for PBXNativeTarget "Can I WearTests" */;
			buildPhases = (
				AD2F784C3072D73D00CDF920 /* Sources */,
				AD2F784D3072D73D00CDF920 /* Frameworks */,
				AD2F784E3072D73D00CDF920 /* Resources */,
			);
			buildRules = (
			);
			dependencies = (
				AD2F78523072D73D00CDF920 /* PBXTargetDependency */,
			);
			fileSystemSynchronizedGroups = (
				AD2F78533072D73D00CDF920 /* Can I WearTests */,
			);
			name = "Can I WearTests";
			packageProductDependencies = (
			);
			productName = "Can I WearTests";
			productReference = AD2F78503072D73D00CDF920 /* Can I WearTests.xctest */;
			productType = "com.apple.product-type.bundle.unit-test";
		};
		AD2F78593072D73D00CDF920 /* Can I WearUITests */ = {
			isa = PBXNativeTarget;
			buildConfigurationList = AD2F786A3072D73D00CDF920 /* Build configuration list for PBXNativeTarget "Can I WearUITests" */;
			buildPhases = (
				AD2F78563072D73D00CDF920 /* Sources */,
				AD2F78573072D73D00CDF920 /* Frameworks */,
				AD2F78583072D73D00CDF920 /* Resources */,
			);
			buildRules = (
			);
			dependencies = (
				AD2F785C3072D73D00CDF920 /* PBXTargetDependency */,
			);
			fileSystemSynchronizedGroups = (
				AD2F785D3072D73D00CDF920 /* Can I WearUITests */,
			);
			name = "Can I WearUITests";
			packageProductDependencies = (
			);
			productName = "Can I WearUITests";
			productReference = AD2F785A3072D73D00CDF920 /* Can I WearUITests.xctest */;
			productType = "com.apple.product-type.bundle.ui-testing";
		};
/* End PBXNativeTarget section */

/* Begin PBXProject section */
		AD2F783B3072D73700CDF920 /* Project object */ = {
			isa = PBXProject;
			attributes = {
				BuildIndependentTargetsInParallel = 1;
				LastSwiftUpdateCheck = 2630;
				LastUpgradeCheck = 2630;
				TargetAttributes = {
					AD2F78423072D73700CDF920 = {
						CreatedOnToolsVersion = 26.3;
					};
					AD2F784F3072D73D00CDF920 = {
						CreatedOnToolsVersion = 26.3;
						TestTargetID = AD2F78423072D73700CDF920;
					};
					AD2F78593072D73D00CDF920 = {
						CreatedOnToolsVersion = 26.3;
						TestTargetID = AD2F78423072D73700CDF920;
					};
				};
			};
			buildConfigurationList = AD2F783E3072D73700CDF920 /* Build configuration list for PBXProject "Can I Wear" */;
			developmentRegion = en;
			hasScannedForEncodings = 0;
			knownRegions = (
				en,
				Base,
			);
			mainGroup = AD2F783A3072D73700CDF920;
			minimizedProjectReferenceProxies = 1;
			preferredProjectObjectVersion = 77;
			productRefGroup = AD2F78443072D73700CDF920 /* Products */;
			projectDirPath = "";
			projectRoot = "";
			targets = (
				AD2F78423072D73700CDF920 /* Can I Wear */,
				AD2F784F3072D73D00CDF920 /* Can I WearTests */,
				AD2F78593072D73D00CDF920 /* Can I WearUITests */,
			);
		};
/* End PBXProject section */

/* Begin PBXResourcesBuildPhase section */
		AD2F78413072D73700CDF920 /* Resources */ = {
			isa = PBXResourcesBuildPhase;
			buildActionMask = 2147483647;
			files = (
			);
			runOnlyForDeploymentPostprocessing = 0;
		};
		AD2F784E3072D73D00CDF920 /* Resources */ = {
			isa = PBXResourcesBuildPhase;
			buildActionMask = 2147483647;
			files = (
			);
			runOnlyForDeploymentPostprocessing = 0;
		};
		AD2F78583072D73D00CDF920 /* Resources */ = {
			isa = PBXResourcesBuildPhase;
			buildActionMask = 2147483647;
			files = (
			);
			runOnlyForDeploymentPostprocessing = 0;
		};
/* End PBXResourcesBuildPhase section */

/* Begin PBXSourcesBuildPhase section */
		AD2F783F3072D73700CDF920 /* Sources */ = {
			isa = PBXSourcesBuildPhase;
			buildActionMask = 2147483647;
			files = (
			);
			runOnlyForDeploymentPostprocessing = 0;
		};
		AD2F784C3072D73D00CDF920 /* Sources */ = {
			isa = PBXSourcesBuildPhase;
			buildActionMask = 2147483647;
			files = (
			);
			runOnlyForDeploymentPostprocessing = 0;
		};
		AD2F78563072D73D00CDF920 /* Sources */ = {
			isa = PBXSourcesBuildPhase;
			buildActionMask = 2147483647;
			files = (
			);
			runOnlyForDeploymentPostprocessing = 0;
		};
/* End PBXSourcesBuildPhase section */

/* Begin PBXTargetDependency section */
		AD2F78523072D73D00CDF920 /* PBXTargetDependency */ = {
			isa = PBXTargetDependency;
			target = AD2F78423072D73700CDF920 /* Can I Wear */;
			targetProxy = AD2F78513072D73D00CDF920 /* PBXContainerItemProxy */;
		};
		AD2F785C3072D73D00CDF920 /* PBXTargetDependency */ = {
			isa = PBXTargetDependency;
			target = AD2F78423072D73700CDF920 /* Can I Wear */;
			targetProxy = AD2F785B3072D73D00CDF920 /* PBXContainerItemProxy */;
		};
/* End PBXTargetDependency section */

/* Begin XCBuildConfiguration section */
		AD2F78623072D73D00CDF920 /* Debug */ = {
			isa = XCBuildConfiguration;
			buildSettings = {
				ALWAYS_SEARCH_USER_PATHS = NO;
				ASSETCATALOG_COMPILER_GENERATE_SWIFT_ASSET_SYMBOL_EXTENSIONS = YES;
				CLANG_ANALYZER_NONNULL = YES;
				CLANG_ANALYZER_NUMBER_OBJECT_CONVERSION = YES_AGGRESSIVE;
				CLANG_CXX_LANGUAGE_STANDARD = "gnu++20";
				CLANG_ENABLE_MODULES = YES;
				CLANG_ENABLE_OBJC_ARC = YES;
				CLANG_ENABLE_OBJC_WEAK = YES;
				CLANG_WARN_BLOCK_CAPTURE_AUTORELEASING = YES;
				CLANG_WARN_BOOL_CONVERSION = YES;
				CLANG_WARN_COMMA = YES;
				CLANG_WARN_CONSTANT_CONVERSION = YES;
				CLANG_WARN_DEPRECATED_OBJC_IMPLEMENTATIONS = YES;
				CLANG_WARN_DIRECT_OBJC_ISA_USAGE = YES_ERROR;
				CLANG_WARN_DOCUMENTATION_COMMENTS = YES;
				CLANG_WARN_EMPTY_BODY = YES;
				CLANG_WARN_ENUM_CONVERSION = YES;
				CLANG_WARN_INFINITE_RECURSION = YES;
				CLANG_WARN_INT_CONVERSION = YES;
				CLANG_WARN_NON_LITERAL_NULL_CONVERSION = YES;
				CLANG_WARN_OBJC_IMPLICIT_RETAIN_SELF = YES;
				CLANG_WARN_OBJC_LITERAL_CONVERSION = YES;
				CLANG_WARN_OBJC_ROOT_CLASS = YES_ERROR;
				CLANG_WARN_QUOTED_INCLUDE_IN_FRAMEWORK_HEADER = YES;
				CLANG_WARN_RANGE_LOOP_ANALYSIS = YES;
				CLANG_WARN_STRICT_PROTOTYPES = YES;
				CLANG_WARN_SUSPICIOUS_MOVE = YES;
				CLANG_WARN_UNGUARDED_AVAILABILITY = YES_AGGRESSIVE;
				CLANG_WARN_UNREACHABLE_CODE = YES;
				CLANG_WARN__DUPLICATE_METHOD_MATCH = YES;
				COPY_PHASE_STRIP = NO;
				DEBUG_INFORMATION_FORMAT = dwarf;
				DEVELOPMENT_TEAM = CZ3MACG25P;
				ENABLE_STRICT_OBJC_MSGSEND = YES;
				ENABLE_TESTABILITY = YES;
				ENABLE_USER_SCRIPT_SANDBOXING = YES;
				GCC_C_LANGUAGE_STANDARD = gnu17;
				GCC_DYNAMIC_NO_PIC = NO;
				GCC_NO_COMMON_BLOCKS = YES;
				GCC_OPTIMIZATION_LEVEL = 0;
				GCC_PREPROCESSOR_DEFINITIONS = (
					"DEBUG=1",
					"$(inherited)",
				);
				GCC_WARN_64_TO_32_BIT_CONVERSION = YES;
				GCC_WARN_ABOUT_RETURN_TYPE = YES_ERROR;
				GCC_WARN_UNDECLARED_SELECTOR = YES;
				GCC_WARN_UNINITIALIZED_AUTOS = YES_AGGRESSIVE;
				GCC_WARN_UNUSED_FUNCTION = YES;
				GCC_WARN_UNUSED_VARIABLE = YES;
				IPHONEOS_DEPLOYMENT_TARGET = 26.2;
				LOCALIZATION_PREFERS_STRING_CATALOGS = YES;
				MTL_ENABLE_DEBUG_INFO = INCLUDE_SOURCE;
				MTL_FAST_MATH = YES;
				ONLY_ACTIVE_ARCH = YES;
				SDKROOT = iphoneos;
				SWIFT_ACTIVE_COMPILATION_CONDITIONS = "DEBUG $(inherited)";
				SWIFT_OPTIMIZATION_LEVEL = "-Onone";
			};
			name = Debug;
		};
		AD2F78633072D73D00CDF920 /* Release */ = {
			isa = XCBuildConfiguration;
			buildSettings = {
				ALWAYS_SEARCH_USER_PATHS = NO;
				ASSETCATALOG_COMPILER_GENERATE_SWIFT_ASSET_SYMBOL_EXTENSIONS = YES;
				CLANG_ANALYZER_NONNULL = YES;
				CLANG_ANALYZER_NUMBER_OBJECT_CONVERSION = YES_AGGRESSIVE;
				CLANG_CXX_LANGUAGE_STANDARD = "gnu++20";
				CLANG_ENABLE_MODULES = YES;
				CLANG_ENABLE_OBJC_ARC = YES;
				CLANG_ENABLE_OBJC_WEAK = YES;
				CLANG_WARN_BLOCK_CAPTURE_AUTORELEASING = YES;
				CLANG_WARN_BOOL_CONVERSION = YES;
				CLANG_WARN_COMMA = YES;
				CLANG_WARN_CONSTANT_CONVERSION = YES;
				CLANG_WARN_DEPRECATED_OBJC_IMPLEMENTATIONS = YES;
				CLANG_WARN_DIRECT_OBJC_ISA_USAGE = YES_ERROR;
				CLANG_WARN_DOCUMENTATION_COMMENTS = YES;
				CLANG_WARN_EMPTY_BODY = YES;
				CLANG_WARN_ENUM_CONVERSION = YES;
				CLANG_WARN_INFINITE_RECURSION = YES;
				CLANG_WARN_INT_CONVERSION = YES;
				CLANG_WARN_NON_LITERAL_NULL_CONVERSION = YES;
				CLANG_WARN_OBJC_IMPLICIT_RETAIN_SELF = YES;
				CLANG_WARN_OBJC_LITERAL_CONVERSION = YES;
				CLANG_WARN_OBJC_ROOT_CLASS = YES_ERROR;
				CLANG_WARN_QUOTED_INCLUDE_IN_FRAMEWORK_HEADER = YES;
				CLANG_WARN_RANGE_LOOP_ANALYSIS = YES;
				CLANG_WARN_STRICT_PROTOTYPES = YES;
				CLANG_WARN_SUSPICIOUS_MOVE = YES;
				CLANG_WARN_UNGUARDED_AVAILABILITY = YES_AGGRESSIVE;
				CLANG_WARN_UNREACHABLE_CODE = YES;
				CLANG_WARN__DUPLICATE_METHOD_MATCH = YES;
				COPY_PHASE_STRIP = NO;
				DEBUG_INFORMATION_FORMAT = "dwarf-with-dsym";
				DEVELOPMENT_TEAM = CZ3MACG25P;
				ENABLE_NS_ASSERTIONS = NO;
				ENABLE_STRICT_OBJC_MSGSEND = YES;
				ENABLE_USER_SCRIPT_SANDBOXING = YES;
				GCC_C_LANGUAGE_STANDARD = gnu17;
				GCC_NO_COMMON_BLOCKS = YES;
				GCC_WARN_64_TO_32_BIT_CONVERSION = YES;
				GCC_WARN_ABOUT_RETURN_TYPE = YES_ERROR;
				GCC_WARN_UNDECLARED_SELECTOR = YES;
				GCC_WARN_UNINITIALIZED_AUTOS = YES_AGGRESSIVE;
				GCC_WARN_UNUSED_FUNCTION = YES;
				GCC_WARN_UNUSED_VARIABLE = YES;
				IPHONEOS_DEPLOYMENT_TARGET = 26.2;
				LOCALIZATION_PREFERS_STRING_CATALOGS = YES;
				MTL_ENABLE_DEBUG_INFO = NO;
				MTL_FAST_MATH = YES;
				SDKROOT = iphoneos;
				SWIFT_COMPILATION_MODE = wholemodule;
				VALIDATE_PRODUCT = YES;
			};
			name = Release;
		};
		AD2F78653072D73D00CDF920 /* Debug */ = {
			isa = XCBuildConfiguration;
			buildSettings = {
				ASSETCATALOG_COMPILER_APPICON_NAME = AppIcon;
				ASSETCATALOG_COMPILER_GLOBAL_ACCENT_COLOR_NAME = AccentColor;
				CODE_SIGN_STYLE = Automatic;
				CURRENT_PROJECT_VERSION = 1;
				DEVELOPMENT_TEAM = CZ3MACG25P;
				ENABLE_PREVIEWS = YES;
				GENERATE_INFOPLIST_FILE = YES;
				INFOPLIST_KEY_NSLocationWhenInUseUsageDescription = "Can I Wear uses your location to check local weather and provide today’s recommendation.";
				INFOPLIST_KEY_UIApplicationSceneManifest_Generation = YES;
				INFOPLIST_KEY_UIApplicationSupportsIndirectInputEvents = YES;
				INFOPLIST_KEY_UILaunchScreen_Generation = YES;
				INFOPLIST_KEY_UISupportedInterfaceOrientations_iPad = "UIInterfaceOrientationPortrait UIInterfaceOrientationPortraitUpsideDown UIInterfaceOrientationLandscapeLeft UIInterfaceOrientationLandscapeRight";
				INFOPLIST_KEY_UISupportedInterfaceOrientations_iPhone = "UIInterfaceOrientationPortrait UIInterfaceOrientationLandscapeLeft UIInterfaceOrientationLandscapeRight";
				LD_RUNPATH_SEARCH_PATHS = (
					"$(inherited)",
					"@executable_path/Frameworks",
				);
				MARKETING_VERSION = 1.0;
				PRODUCT_BUNDLE_IDENTIFIER = mobi.vandewalle.caniwear;
				PRODUCT_NAME = "$(TARGET_NAME)";
				STRING_CATALOG_GENERATE_SYMBOLS = YES;
				SWIFT_APPROACHABLE_CONCURRENCY = YES;
				SWIFT_DEFAULT_ACTOR_ISOLATION = MainActor;
				SWIFT_EMIT_LOC_STRINGS = YES;
				SWIFT_UPCOMING_FEATURE_MEMBER_IMPORT_VISIBILITY = YES;
				SWIFT_VERSION = 5.0;
				TARGETED_DEVICE_FAMILY = "1,2";
			};
			name = Debug;
		};
		AD2F78663072D73D00CDF920 /* Release */ = {
			isa = XCBuildConfiguration;
			buildSettings = {
				ASSETCATALOG_COMPILER_APPICON_NAME = AppIcon;
				ASSETCATALOG_COMPILER_GLOBAL_ACCENT_COLOR_NAME = AccentColor;
				CODE_SIGN_STYLE = Automatic;
				CURRENT_PROJECT_VERSION = 1;
				DEVELOPMENT_TEAM = CZ3MACG25P;
				ENABLE_PREVIEWS = YES;
				GENERATE_INFOPLIST_FILE = YES;
				INFOPLIST_KEY_NSLocationWhenInUseUsageDescription = "Can I Wear uses your location to check local weather and provide today’s recommendation.";
				INFOPLIST_KEY_UIApplicationSceneManifest_Generation = YES;
				INFOPLIST_KEY_UIApplicationSupportsIndirectInputEvents = YES;
				INFOPLIST_KEY_UILaunchScreen_Generation = YES;
				INFOPLIST_KEY_UISupportedInterfaceOrientations_iPad = "UIInterfaceOrientationPortrait UIInterfaceOrientationPortraitUpsideDown UIInterfaceOrientationLandscapeLeft UIInterfaceOrientationLandscapeRight";
				INFOPLIST_KEY_UISupportedInterfaceOrientations_iPhone = "UIInterfaceOrientationPortrait UIInterfaceOrientationLandscapeLeft UIInterfaceOrientationLandscapeRight";
				LD_RUNPATH_SEARCH_PATHS = (
					"$(inherited)",
					"@executable_path/Frameworks",
				);
				MARKETING_VERSION = 1.0;
				PRODUCT_BUNDLE_IDENTIFIER = mobi.vandewalle.caniwear;
				PRODUCT_NAME = "$(TARGET_NAME)";
				STRING_CATALOG_GENERATE_SYMBOLS = YES;
				SWIFT_APPROACHABLE_CONCURRENCY = YES;
				SWIFT_DEFAULT_ACTOR_ISOLATION = MainActor;
				SWIFT_EMIT_LOC_STRINGS = YES;
				SWIFT_UPCOMING_FEATURE_MEMBER_IMPORT_VISIBILITY = YES;
				SWIFT_VERSION = 5.0;
				TARGETED_DEVICE_FAMILY = "1,2";
			};
			name = Release;
		};
		AD2F78683072D73D00CDF920 /* Debug */ = {
			isa = XCBuildConfiguration;
			buildSettings = {
				BUNDLE_LOADER = "$(TEST_HOST)";
				CODE_SIGN_STYLE = Automatic;
				CURRENT_PROJECT_VERSION = 1;
				DEVELOPMENT_TEAM = CZ3MACG25P;
				GENERATE_INFOPLIST_FILE = YES;
				IPHONEOS_DEPLOYMENT_TARGET = 26.2;
				MARKETING_VERSION = 1.0;
				PRODUCT_BUNDLE_IDENTIFIER = "mobi.vandewalle.Can-I-WearTests";
				PRODUCT_NAME = "$(TARGET_NAME)";
				STRING_CATALOG_GENERATE_SYMBOLS = NO;
				SWIFT_APPROACHABLE_CONCURRENCY = YES;
				SWIFT_EMIT_LOC_STRINGS = NO;
				SWIFT_UPCOMING_FEATURE_MEMBER_IMPORT_VISIBILITY = YES;
				SWIFT_VERSION = 5.0;
				TARGETED_DEVICE_FAMILY = "1,2";
				TEST_HOST = "$(BUILT_PRODUCTS_DIR)/Can I Wear.app/$(BUNDLE_EXECUTABLE_FOLDER_PATH)/Can I Wear";
			};
			name = Debug;
		};
		AD2F78693072D73D00CDF920 /* Release */ = {
			isa = XCBuildConfiguration;
			buildSettings = {
				BUNDLE_LOADER = "$(TEST_HOST)";
				CODE_SIGN_STYLE = Automatic;
				CURRENT_PROJECT_VERSION = 1;
				DEVELOPMENT_TEAM = CZ3MACG25P;
				GENERATE_INFOPLIST_FILE = YES;
				IPHONEOS_DEPLOYMENT_TARGET = 26.2;
				MARKETING_VERSION = 1.0;
				PRODUCT_BUNDLE_IDENTIFIER = "mobi.vandewalle.Can-I-WearTests";
				PRODUCT_NAME = "$(TARGET_NAME)";
				STRING_CATALOG_GENERATE_SYMBOLS = NO;
				SWIFT_APPROACHABLE_CONCURRENCY = YES;
				SWIFT_EMIT_LOC_STRINGS = NO;
				SWIFT_UPCOMING_FEATURE_MEMBER_IMPORT_VISIBILITY = YES;
				SWIFT_VERSION = 5.0;
				TARGETED_DEVICE_FAMILY = "1,2";
				TEST_HOST = "$(BUILT_PRODUCTS_DIR)/Can I Wear.app/$(BUNDLE_EXECUTABLE_FOLDER_PATH)/Can I Wear";
			};
			name = Release;
		};
		AD2F786B3072D73D00CDF920 /* Debug */ = {
			isa = XCBuildConfiguration;
			buildSettings = {
				CODE_SIGN_STYLE = Automatic;
				CURRENT_PROJECT_VERSION = 1;
				DEVELOPMENT_TEAM = CZ3MACG25P;
				GENERATE_INFOPLIST_FILE = YES;
				MARKETING_VERSION = 1.0;
				PRODUCT_BUNDLE_IDENTIFIER = "mobi.vandewalle.Can-I-WearUITests";
				PRODUCT_NAME = "$(TARGET_NAME)";
				STRING_CATALOG_GENERATE_SYMBOLS = NO;
				SWIFT_APPROACHABLE_CONCURRENCY = YES;
				SWIFT_EMIT_LOC_STRINGS = NO;
				SWIFT_UPCOMING_FEATURE_MEMBER_IMPORT_VISIBILITY = YES;
				SWIFT_VERSION = 5.0;
				TARGETED_DEVICE_FAMILY = "1,2";
				TEST_TARGET_NAME = "Can I Wear";
			};
			name = Debug;
		};
		AD2F786C3072D73D00CDF920 /* Release */ = {
			isa = XCBuildConfiguration;
			buildSettings = {
				CODE_SIGN_STYLE = Automatic;
				CURRENT_PROJECT_VERSION = 1;
				DEVELOPMENT_TEAM = CZ3MACG25P;
				GENERATE_INFOPLIST_FILE = YES;
				MARKETING_VERSION = 1.0;
				PRODUCT_BUNDLE_IDENTIFIER = "mobi.vandewalle.Can-I-WearUITests";
				PRODUCT_NAME = "$(TARGET_NAME)";
				STRING_CATALOG_GENERATE_SYMBOLS = NO;
				SWIFT_APPROACHABLE_CONCURRENCY = YES;
				SWIFT_EMIT_LOC_STRINGS = NO;
				SWIFT_UPCOMING_FEATURE_MEMBER_IMPORT_VISIBILITY = YES;
				SWIFT_VERSION = 5.0;
				TARGETED_DEVICE_FAMILY = "1,2";
				TEST_TARGET_NAME = "Can I Wear";
			};
			name = Release;
		};
/* End XCBuildConfiguration section */

/* Begin XCConfigurationList section */
		AD2F783E3072D73700CDF920 /* Build configuration list for PBXProject "Can I Wear" */ = {
			isa = XCConfigurationList;
			buildConfigurations = (
				AD2F78623072D73D00CDF920 /* Debug */,
				AD2F78633072D73D00CDF920 /* Release */,
			);
			defaultConfigurationIsVisible = 0;
			defaultConfigurationName = Release;
		};
		AD2F78643072D73D00CDF920 /* Build configuration list for PBXNativeTarget "Can I Wear" */ = {
			isa = XCConfigurationList;
			buildConfigurations = (
				AD2F78653072D73D00CDF920 /* Debug */,
				AD2F78663072D73D00CDF920 /* Release */,
			);
			defaultConfigurationIsVisible = 0;
			defaultConfigurationName = Release;
		};
		AD2F78673072D73D00CDF920 /* Build configuration list for PBXNativeTarget "Can I WearTests" */ = {
			isa = XCConfigurationList;
			buildConfigurations = (
				AD2F78683072D73D00CDF920 /* Debug */,
				AD2F78693072D73D00CDF920 /* Release */,
			);
			defaultConfigurationIsVisible = 0;
			defaultConfigurationName = Release;
		};
		AD2F786A3072D73D00CDF920 /* Build configuration list for PBXNativeTarget "Can I WearUITests" */ = {
			isa = XCConfigurationList;
			buildConfigurations = (
				AD2F786B3072D73D00CDF920 /* Debug */,
				AD2F786C3072D73D00CDF920 /* Release */,
			);
			defaultConfigurationIsVisible = 0;
			defaultConfigurationName = Release;
		};
/* End XCConfigurationList section */
	};
	rootObject = AD2F783B3072D73700CDF920 /* Project object */;
}
